
Microsoft Visual Studio Solution File, Format Version 11.00
# Visual Studio 2010
# SharpDevelop 5.1
Project("{FAE04EC0-301F-11D3-BF4B-00C04F79EFBC}") = "FastADB", "FastADB\FastADB.csproj", "{65C981DC-3F95-49DC-A903-3C25CE11A750}"
EndProject
Global
	GlobalSection(SolutionConfigurationPlatforms) = preSolution
		Debug|Any CPU = Debug|Any CPU
		Release|Any CPU = Release|Any CPU
	EndGlobalSection
	GlobalSection(ProjectConfigurationPlatforms) = postSolution
		{65C981DC-3F95-49DC-A903-3C25CE11A750}.Debug|Any CPU.ActiveCfg = Debug|Any CPU
		{65C981DC-3F95-49DC-A903-3C25CE11A750}.Debug|Any CPU.Build.0 = Debug|Any CPU
		{65C981DC-3F95-49DC-A903-3C25CE11A750}.Release|Any CPU.ActiveCfg = Release|Any CPU
		{65C981DC-3F95-49DC-A903-3C25CE11A750}.Release|Any CPU.Build.0 = Release|Any CPU
	EndGlobalSection
EndGlobal
