
Microsoft Visual Studio Solution File, Format Version 12.00
# Visual Studio Version 16
VisualStudioVersion = 16.0.29503.13
MinimumVisualStudioVersion = 10.0.40219.1
Project("{FAE04EC0-301F-11D3-BF4B-00C04F79EFBC}") = "FastADB", "FastADB\FastADB.csproj", "{C5FB939B-F16E-4EB0-9906-C5BBA58708C4}"
EndProject
Global
	GlobalSection(SolutionConfigurationPlatforms) = preSolution
		Debug|Any CPU = Debug|Any CPU
		Release|Any CPU = Release|Any CPU
	EndGlobalSection
	GlobalSection(ProjectConfigurationPlatforms) = postSolution
		{C5FB939B-F16E-4EB0-9906-C5BBA58708C4}.Debug|Any CPU.ActiveCfg = Debug|Any CPU
		{C5FB939B-F16E-4EB0-9906-C5BBA58708C4}.Debug|Any CPU.Build.0 = Debug|Any CPU
		{C5FB939B-F16E-4EB0-9906-C5BBA58708C4}.Release|Any CPU.ActiveCfg = Release|Any CPU
		{C5FB939B-F16E-4EB0-9906-C5BBA58708C4}.Release|Any CPU.Build.0 = Release|Any CPU
	EndGlobalSection
	GlobalSection(SolutionProperties) = preSolution
		HideSolutionNode = FALSE
	EndGlobalSection
	GlobalSection(ExtensibilityGlobals) = postSolution
		SolutionGuid = {78F5C936-89BF-4156-9B17-669CCC38978B}
	EndGlobalSection
EndGlobal
